
Microsoft Visual Studio Solution File, Format Version 12.00
# Visual Studio Version 17
VisualStudioVersion = 17.8.34330.188
MinimumVisualStudioVersion = 10.0.40219.1
Project("{8BC9CEB8-8B4A-11D0-8D11-00A0C91BC942}") = "Inheritance", "Inheritance\Inheritance.vcxproj", "{8A28F58F-B3AE-4436-84F8-D9EA723B513B}"
EndProject
Project("{8BC9CEB8-8B4A-11D0-8D11-00A0C91BC942}") = "Academy", "Academy\Academy.vcxproj", "{4147818F-162C-430B-8798-513220F05CF4}"
EndProject
Project("{8BC9CEB8-8B4A-11D0-8D11-00A0C91BC942}") = "Files", "Files\Files.vcxproj", "{F4468F79-9354-418D-A8BF-5C268F20731E}"
EndProject
Global
	GlobalSection(SolutionConfigurationPlatforms) = preSolution
		Debug|x64 = Debug|x64
		Debug|x86 = Debug|x86
		Release|x64 = Release|x64
		Release|x86 = Release|x86
	EndGlobalSection
	GlobalSection(ProjectConfigurationPlatforms) = postSolution
		{8A28F58F-B3AE-4436-84F8-D9EA723B513B}.Debug|x64.ActiveCfg = Debug|x64
		{8A28F58F-B3AE-4436-84F8-D9EA723B513B}.Debug|x64.Build.0 = Debug|x64
		{8A28F58F-B3AE-4436-84F8-D9EA723B513B}.Debug|x86.ActiveCfg = Debug|Win32
		{8A28F58F-B3AE-4436-84F8-D9EA723B513B}.Debug|x86.Build.0 = Debug|Win32
		{8A28F58F-B3AE-4436-84F8-D9EA723B513B}.Release|x64.ActiveCfg = Release|x64
		{8A28F58F-B3AE-4436-84F8-D9EA723B513B}.Release|x64.Build.0 = Release|x64
		{8A28F58F-B3AE-4436-84F8-D9EA723B513B}.Release|x86.ActiveCfg = Release|Win32
		{8A28F58F-B3AE-4436-84F8-D9EA723B513B}.Release|x86.Build.0 = Release|Win32
		{4147818F-162C-430B-8798-513220F05CF4}.Debug|x64.ActiveCfg = Debug|x64
		{4147818F-162C-430B-8798-513220F05CF4}.Debug|x64.Build.0 = Debug|x64
		{4147818F-162C-430B-8798-513220F05CF4}.Debug|x86.ActiveCfg = Debug|Win32
		{4147818F-162C-430B-8798-513220F05CF4}.Debug|x86.Build.0 = Debug|Win32
		{4147818F-162C-430B-8798-513220F05CF4}.Release|x64.ActiveCfg = Release|x64
		{4147818F-162C-430B-8798-513220F05CF4}.Release|x64.Build.0 = Release|x64
		{4147818F-162C-430B-8798-513220F05CF4}.Release|x86.ActiveCfg = Release|Win32
		{4147818F-162C-430B-8798-513220F05CF4}.Release|x86.Build.0 = Release|Win32
		{F4468F79-9354-418D-A8BF-5C268F20731E}.Debug|x64.ActiveCfg = Debug|x64
		{F4468F79-9354-418D-A8BF-5C268F20731E}.Debug|x64.Build.0 = Debug|x64
		{F4468F79-9354-418D-A8BF-5C268F20731E}.Debug|x86.ActiveCfg = Debug|Win32
		{F4468F79-9354-418D-A8BF-5C268F20731E}.Debug|x86.Build.0 = Debug|Win32
		{F4468F79-9354-418D-A8BF-5C268F20731E}.Release|x64.ActiveCfg = Release|x64
		{F4468F79-9354-418D-A8BF-5C268F20731E}.Release|x64.Build.0 = Release|x64
		{F4468F79-9354-418D-A8BF-5C268F20731E}.Release|x86.ActiveCfg = Release|Win32
		{F4468F79-9354-418D-A8BF-5C268F20731E}.Release|x86.Build.0 = Release|Win32
	EndGlobalSection
	GlobalSection(SolutionProperties) = preSolution
		HideSolutionNode = FALSE
	EndGlobalSection
	GlobalSection(ExtensibilityGlobals) = postSolution
		SolutionGuid = {A9CE4D3D-A15F-4B27-9BDF-171D5102A616}
	EndGlobalSection
EndGlobal
